Microsoft Visual Studio Solution File, Format Version 12.00
# Visual Studio Version 17
VisualStudioVersion = 17.5.2.0
MinimumVisualStudioVersion = 10.0.40219.1
Project("{FAE04EC0-301F-11D3-BF4B-00C04F79EFBC}") = "VentasBackend", "VentasBackend.csproj", "{202A11A9-BB15-D5C4-CFEB-13B0CC3CB572}"
EndProject
Global
	GlobalSection(SolutionConfigurationPlatforms) = preSolution
		Debug|Any CPU = Debug|Any CPU
		Release|Any CPU = Release|Any CPU
	EndGlobalSection
	GlobalSection(ProjectConfigurationPlatforms) = postSolution
		{202A11A9-BB15-D5C4-CFEB-13B0CC3CB572}.Debug|Any CPU.ActiveCfg = Debug|Any CPU
		{202A11A9-BB15-D5C4-CFEB-13B0CC3CB572}.Debug|Any CPU.Build.0 = Debug|Any CPU
		{202A11A9-BB15-D5C4-CFEB-13B0CC3CB572}.Release|Any CPU.ActiveCfg = Release|Any CPU
		{202A11A9-BB15-D5C4-CFEB-13B0CC3CB572}.Release|Any CPU.Build.0 = Release|Any CPU
	EndGlobalSection
	GlobalSection(SolutionProperties) = preSolution
		HideSolutionNode = FALSE
	EndGlobalSection
	GlobalSection(ExtensibilityGlobals) = postSolution
		SolutionGuid = {712F7B83-1876-4A8A-BBA7-D696B3665754}
	EndGlobalSection
EndGlobal
